
Microsoft Visual Studio Solution File, Format Version 12.00
# Visual Studio Version 17
VisualStudioVersion = 17.6.33829.357
MinimumVisualStudioVersion = 10.0.40219.1
Project("{FAE04EC0-301F-11D3-BF4B-00C04F79EFBC}") = "UserRegistration", "UserRegistration\UserRegistration.csproj", "{95BF6762-EC40-43EB-A9E1-D8CABA245B9D}"
EndProject
Project("{FAE04EC0-301F-11D3-BF4B-00C04F79EFBC}") = "UserManagement.BLL", "UserManagement.BLL\UserManagement.BLL.csproj", "{8138FE8D-33C4-4CAC-8CE1-09C93BADD792}"
EndProject
Project("{FAE04EC0-301F-11D3-BF4B-00C04F79EFBC}") = "UserManagement.DAL", "UserManagement.DAL\UserManagement.DAL.csproj", "{F3C67A5F-6243-4D78-8DD1-C2355F5A1980}"
EndProject
Global
	GlobalSection(SolutionConfigurationPlatforms) = preSolution
		Debug|Any CPU = Debug|Any CPU
		Release|Any CPU = Release|Any CPU
	EndGlobalSection
	GlobalSection(ProjectConfigurationPlatforms) = postSolution
		{95BF6762-EC40-43EB-A9E1-D8CABA245B9D}.Debug|Any CPU.ActiveCfg = Debug|Any CPU
		{95BF6762-EC40-43EB-A9E1-D8CABA245B9D}.Debug|Any CPU.Build.0 = Debug|Any CPU
		{95BF6762-EC40-43EB-A9E1-D8CABA245B9D}.Release|Any CPU.ActiveCfg = Release|Any CPU
		{95BF6762-EC40-43EB-A9E1-D8CABA245B9D}.Release|Any CPU.Build.0 = Release|Any CPU
		{8138FE8D-33C4-4CAC-8CE1-09C93BADD792}.Debug|Any CPU.ActiveCfg = Debug|Any CPU
		{8138FE8D-33C4-4CAC-8CE1-09C93BADD792}.Debug|Any CPU.Build.0 = Debug|Any CPU
		{8138FE8D-33C4-4CAC-8CE1-09C93BADD792}.Release|Any CPU.ActiveCfg = Release|Any CPU
		{8138FE8D-33C4-4CAC-8CE1-09C93BADD792}.Release|Any CPU.Build.0 = Release|Any CPU
		{F3C67A5F-6243-4D78-8DD1-C2355F5A1980}.Debug|Any CPU.ActiveCfg = Debug|Any CPU
		{F3C67A5F-6243-4D78-8DD1-C2355F5A1980}.Debug|Any CPU.Build.0 = Debug|Any CPU
		{F3C67A5F-6243-4D78-8DD1-C2355F5A1980}.Release|Any CPU.ActiveCfg = Release|Any CPU
		{F3C67A5F-6243-4D78-8DD1-C2355F5A1980}.Release|Any CPU.Build.0 = Release|Any CPU
	EndGlobalSection
	GlobalSection(SolutionProperties) = preSolution
		HideSolutionNode = FALSE
	EndGlobalSection
	GlobalSection(ExtensibilityGlobals) = postSolution
		SolutionGuid = {7F645DF0-8C69-472D-BDE4-696C335DD2D5}
	EndGlobalSection
EndGlobal
